// !$*UTF8*$!
{
	archiveVersion = 1;
	classes = {
	};
	objectVersion = 46;
	objects = {

/* Begin PBXBuildFile section */
		7B4FF4101DF5912E008E1256 /* AppDelegate.swift in Sources */ = {isa = PBXBuildFile; fileRef = 7B4FF40F1DF5912E008E1256 /* AppDelegate.swift */; };
		7B4FF4121DF5912E008E1256 /* ViewController.swift in Sources */ = {isa = PBXBuildFile; fileRef = 7B4FF4111DF5912E008E1256 /* ViewController.swift */; };
		7B4FF4151DF5912E008E1256 /* Main.storyboard in Resources */ = {isa = PBXBuildFile; fileRef = 7B4FF4131DF5912E008E1256 /* Main.storyboard */; };
		7B4FF4171DF5912E008E1256 /* Assets.xcassets in Resources */ = {isa = PBXBuildFile; fileRef = 7B4FF4161DF5912E008E1256 /* Assets.xcassets */; };
		7B4FF41A1DF5912E008E1256 /* LaunchScreen.storyboard in Resources */ = {isa = PBXBuildFile; fileRef = 7B4FF4181DF5912E008E1256 /* LaunchScreen.storyboard */; };
		7B4FF4231DF591DB008E1256 /* DeviceTableViewCell.swift in Sources */ = {isa = PBXBuildFile; fileRef = 7B4FF4211DF591DB008E1256 /* DeviceTableViewCell.swift */; };
		7B4FF4241DF591DB008E1256 /* DeviceTableViewCell.xib in Resources */ = {isa = PBXBuildFile; fileRef = 7B4FF4221DF591DB008E1256 /* DeviceTableViewCell.xib */; };
		7B4FF4261DF595FD008E1256 /* ServiceViewController.swift in Sources */ = {isa = PBXBuildFile; fileRef = 7B4FF4251DF595FD008E1256 /* ServiceViewController.swift */; };
		7B4FF4281DF5961A008E1256 /* CharacteristicsViewController.swift in Sources */ = {isa = PBXBuildFile; fileRef = 7B4FF4271DF5961A008E1256 /* CharacteristicsViewController.swift */; };
		7B4FF4331DF68758008E1256 /* ServiceTableViewCell.swift in Sources */ = {isa = PBXBuildFile; fileRef = 7B4FF4311DF68758008E1256 /* ServiceTableViewCell.swift */; };
		7B4FF4341DF68758008E1256 /* ServiceTableViewCell.xib in Resources */ = {isa = PBXBuildFile; fileRef = 7B4FF4321DF68758008E1256 /* ServiceTableViewCell.xib */; };
		7B4FF43F1DF68C74008E1256 /* BLEDeviceConnection.swift in Sources */ = {isa = PBXBuildFile; fileRef = 7B4FF4391DF68C74008E1256 /* BLEDeviceConnection.swift */; };
		7B4FF4401DF68C74008E1256 /* BLEDeviceDiscoverServices.swift in Sources */ = {isa = PBXBuildFile; fileRef = 7B4FF43A1DF68C74008E1256 /* BLEDeviceDiscoverServices.swift */; };
		7B4FF4411DF68C74008E1256 /* BLEDeviceRSSI.swift in Sources */ = {isa = PBXBuildFile; fileRef = 7B4FF43B1DF68C74008E1256 /* BLEDeviceRSSI.swift */; };
		7B4FF4421DF68C74008E1256 /* BLEDeviceScan.swift in Sources */ = {isa = PBXBuildFile; fileRef = 7B4FF43C1DF68C74008E1256 /* BLEDeviceScan.swift */; };
		7B4FF4431DF68C74008E1256 /* BLEManager.swift in Sources */ = {isa = PBXBuildFile; fileRef = 7B4FF43D1DF68C74008E1256 /* BLEManager.swift */; };
		7B4FF4471DF68E74008E1256 /* CoreBluetooth.framework in Frameworks */ = {isa = PBXBuildFile; fileRef = 7B4FF4461DF68E74008E1256 /* CoreBluetooth.framework */; };
		7B4FF4491DF692AD008E1256 /* AVFoundation.framework in Frameworks */ = {isa = PBXBuildFile; fileRef = 7B4FF4481DF692AD008E1256 /* AVFoundation.framework */; };
		7BFE78231DF838A100B01A2D /* BLEDeviceProperties.swift in Sources */ = {isa = PBXBuildFile; fileRef = 7BFE78221DF838A100B01A2D /* BLEDeviceProperties.swift */; };
/* End PBXBuildFile section */

/* Begin PBXFileReference section */
		358EC914DD038AF702B97C64 /* Pods_BLE_Demo.framework */ = {isa = PBXFileReference; explicitFileType = wrapper.framework; includeInIndex = 0; path = Pods_BLE_Demo.framework; sourceTree = BUILT_PRODUCTS_DIR; };
		392C4FD7FD81FBC9C2EF58CA /* Pods-BLE_Demo.debug.xcconfig */ = {isa = PBXFileReference; includeInIndex = 1; lastKnownFileType = text.xcconfig; name = "Pods-BLE_Demo.debug.xcconfig"; path = "Pods/Target Support Files/Pods-BLE_Demo/Pods-BLE_Demo.debug.xcconfig"; sourceTree = "<group>"; };
		4B736AE621D2B3E8B0AC47F8 /* Pods-BLE_Demo.release.xcconfig */ = {isa = PBXFileReference; includeInIndex = 1; lastKnownFileType = text.xcconfig; name = "Pods-BLE_Demo.release.xcconfig"; path = "Pods/Target Support Files/Pods-BLE_Demo/Pods-BLE_Demo.release.xcconfig"; sourceTree = "<group>"; };
		7B4FF40C1DF5912E008E1256 /* BLE_Demo.app */ = {isa = PBXFileReference; explicitFileType = wrapper.application; includeInIndex = 0; path = BLE_Demo.app; sourceTree = BUILT_PRODUCTS_DIR; };
		7B4FF40F1DF5912E008E1256 /* AppDelegate.swift */ = {isa = PBXFileReference; lastKnownFileType = sourcecode.swift; path = AppDelegate.swift; sourceTree = "<group>"; };
		7B4FF4111DF5912E008E1256 /* ViewController.swift */ = {isa = PBXFileReference; lastKnownFileType = sourcecode.swift; path = ViewController.swift; sourceTree = "<group>"; };
		7B4FF4141DF5912E008E1256 /* Base */ = {isa = PBXFileReference; lastKnownFileType = file.storyboard; name = Base; path = Base.lproj/Main.storyboard; sourceTree = "<group>"; };
		7B4FF4161DF5912E008E1256 /* Assets.xcassets */ = {isa = PBXFileReference; lastKnownFileType = folder.assetcatalog; path = Assets.xcassets; sourceTree = "<group>"; };
		7B4FF4191DF5912E008E1256 /* Base */ = {isa = PBXFileReference; lastKnownFileType = file.storyboard; name = Base; path = Base.lproj/LaunchScreen.storyboard; sourceTree = "<group>"; };
		7B4FF41B1DF5912E008E1256 /* Info.plist */ = {isa = PBXFileReference; lastKnownFileType = text.plist.xml; path = Info.plist; sourceTree = "<group>"; };
		7B4FF4211DF591DB008E1256 /* DeviceTableViewCell.swift */ = {isa = PBXFileReference; fileEncoding = 4; lastKnownFileType = sourcecode.swift; path = DeviceTableViewCell.swift; sourceTree = "<group>"; };
		7B4FF4221DF591DB008E1256 /* DeviceTableViewCell.xib */ = {isa = PBXFileReference; fileEncoding = 4; lastKnownFileType = file.xib; path = DeviceTableViewCell.xib; sourceTree = "<group>"; };
		7B4FF4251DF595FD008E1256 /* ServiceViewController.swift */ = {isa = PBXFileReference; fileEncoding = 4; lastKnownFileType = sourcecode.swift; path = ServiceViewController.swift; sourceTree = "<group>"; };
		7B4FF4271DF5961A008E1256 /* CharacteristicsViewController.swift */ = {isa = PBXFileReference; fileEncoding = 4; lastKnownFileType = sourcecode.swift; path = CharacteristicsViewController.swift; sourceTree = "<group>"; };
		7B4FF4311DF68758008E1256 /* ServiceTableViewCell.swift */ = {isa = PBXFileReference; fileEncoding = 4; lastKnownFileType = sourcecode.swift; path = ServiceTableViewCell.swift; sourceTree = "<group>"; };
		7B4FF4321DF68758008E1256 /* ServiceTableViewCell.xib */ = {isa = PBXFileReference; fileEncoding = 4; lastKnownFileType = file.xib; path = ServiceTableViewCell.xib; sourceTree = "<group>"; };
		7B4FF4391DF68C74008E1256 /* BLEDeviceConnection.swift */ = {isa = PBXFileReference; fileEncoding = 4; lastKnownFileType = sourcecode.swift; path = BLEDeviceConnection.swift; sourceTree = "<group>"; };
		7B4FF43A1DF68C74008E1256 /* BLEDeviceDiscoverServices.swift */ = {isa = PBXFileReference; fileEncoding = 4; lastKnownFileType = sourcecode.swift; path = BLEDeviceDiscoverServices.swift; sourceTree = "<group>"; };
		7B4FF43B1DF68C74008E1256 /* BLEDeviceRSSI.swift */ = {isa = PBXFileReference; fileEncoding = 4; lastKnownFileType = sourcecode.swift; path = BLEDeviceRSSI.swift; sourceTree = "<group>"; };
		7B4FF43C1DF68C74008E1256 /* BLEDeviceScan.swift */ = {isa = PBXFileReference; fileEncoding = 4; lastKnownFileType = sourcecode.swift; path = BLEDeviceScan.swift; sourceTree = "<group>"; };
		7B4FF43D1DF68C74008E1256 /* BLEManager.swift */ = {isa = PBXFileReference; fileEncoding = 4; lastKnownFileType = sourcecode.swift; path = BLEManager.swift; sourceTree = "<group>"; };
		7B4FF4461DF68E74008E1256 /* CoreBluetooth.framework */ = {isa = PBXFileReference; lastKnownFileType = wrapper.framework; name = CoreBluetooth.framework; path = System/Library/Frameworks/CoreBluetooth.framework; sourceTree = SDKROOT; };
		7B4FF4481DF692AD008E1256 /* AVFoundation.framework */ = {isa = PBXFileReference; lastKnownFileType = wrapper.framework; name = AVFoundation.framework; path = System/Library/Frameworks/AVFoundation.framework; sourceTree = SDKROOT; };
		7BFE78221DF838A100B01A2D /* BLEDeviceProperties.swift */ = {isa = PBXFileReference; fileEncoding = 4; lastKnownFileType = sourcecode.swift; path = BLEDeviceProperties.swift; sourceTree = "<group>"; };
/* End PBXFileReference section */

/* Begin PBXFrameworksBuildPhase section */
		7B4FF4091DF5912E008E1256 /* Frameworks */ = {
			isa = PBXFrameworksBuildPhase;
			buildActionMask = 2147483647;
			files = (
				7B4FF4491DF692AD008E1256 /* AVFoundation.framework in Frameworks */,
				7B4FF4471DF68E74008E1256 /* CoreBluetooth.framework in Frameworks */,
			);
			runOnlyForDeploymentPostprocessing = 0;
		};
/* End PBXFrameworksBuildPhase section */

/* Begin PBXGroup section */
		7B4FF4031DF5912E008E1256 = {
			isa = PBXGroup;
			children = (
				7B4FF40E1DF5912E008E1256 /* BLE_Demo */,
				7B4FF40D1DF5912E008E1256 /* Products */,
				7B4FF4451DF68E73008E1256 /* Frameworks */,
				8EFD511311C6778E1077FEF5 /* Pods */,
			);
			sourceTree = "<group>";
		};
		7B4FF40D1DF5912E008E1256 /* Products */ = {
			isa = PBXGroup;
			children = (
				7B4FF40C1DF5912E008E1256 /* BLE_Demo.app */,
			);
			name = Products;
			sourceTree = "<group>";
		};
		7B4FF40E1DF5912E008E1256 /* BLE_Demo */ = {
			isa = PBXGroup;
			children = (
				7B4FF4371DF68C74008E1256 /* BLE */,
				7B4FF40F1DF5912E008E1256 /* AppDelegate.swift */,
				7B4FF4111DF5912E008E1256 /* ViewController.swift */,
				7B4FF4251DF595FD008E1256 /* ServiceViewController.swift */,
				7B4FF4271DF5961A008E1256 /* CharacteristicsViewController.swift */,
				7B4FF4131DF5912E008E1256 /* Main.storyboard */,
				7B4FF4161DF5912E008E1256 /* Assets.xcassets */,
				7B4FF4181DF5912E008E1256 /* LaunchScreen.storyboard */,
				7B4FF41B1DF5912E008E1256 /* Info.plist */,
				7B4FF4211DF591DB008E1256 /* DeviceTableViewCell.swift */,
				7B4FF4221DF591DB008E1256 /* DeviceTableViewCell.xib */,
				7B4FF4311DF68758008E1256 /* ServiceTableViewCell.swift */,
				7B4FF4321DF68758008E1256 /* ServiceTableViewCell.xib */,
			);
			path = BLE_Demo;
			sourceTree = "<group>";
		};
		7B4FF4371DF68C74008E1256 /* BLE */ = {
			isa = PBXGroup;
			children = (
				7B4FF4381DF68C74008E1256 /* Module */,
			);
			path = BLE;
			sourceTree = "<group>";
		};
		7B4FF4381DF68C74008E1256 /* Module */ = {
			isa = PBXGroup;
			children = (
				7BFE78221DF838A100B01A2D /* BLEDeviceProperties.swift */,
				7B4FF4391DF68C74008E1256 /* BLEDeviceConnection.swift */,
				7B4FF43A1DF68C74008E1256 /* BLEDeviceDiscoverServices.swift */,
				7B4FF43B1DF68C74008E1256 /* BLEDeviceRSSI.swift */,
				7B4FF43C1DF68C74008E1256 /* BLEDeviceScan.swift */,
				7B4FF43D1DF68C74008E1256 /* BLEManager.swift */,
			);
			path = Module;
			sourceTree = "<group>";
		};
		7B4FF4451DF68E73008E1256 /* Frameworks */ = {
			isa = PBXGroup;
			children = (
				7B4FF4481DF692AD008E1256 /* AVFoundation.framework */,
				7B4FF4461DF68E74008E1256 /* CoreBluetooth.framework */,
				358EC914DD038AF702B97C64 /* Pods_BLE_Demo.framework */,
			);
			name = Frameworks;
			sourceTree = "<group>";
		};
		8EFD511311C6778E1077FEF5 /* Pods */ = {
			isa = PBXGroup;
			children = (
				392C4FD7FD81FBC9C2EF58CA /* Pods-BLE_Demo.debug.xcconfig */,
				4B736AE621D2B3E8B0AC47F8 /* Pods-BLE_Demo.release.xcconfig */,
			);
			name = Pods;
			sourceTree = "<group>";
		};
/* End PBXGroup section */

/* Begin PBXNativeTarget section */
		7B4FF40B1DF5912E008E1256 /* BLE_Demo */ = {
			isa = PBXNativeTarget;
			buildConfigurationList = 7B4FF41E1DF5912E008E1256 /* Build configuration list for PBXNativeTarget "BLE_Demo" */;
			buildPhases = (
				7B4FF4081DF5912E008E1256 /* Sources */,
				7B4FF4091DF5912E008E1256 /* Frameworks */,
				7B4FF40A1DF5912E008E1256 /* Resources */,
			);
			buildRules = (
			);
			dependencies = (
			);
			name = BLE_Demo;
			productName = BLE_Demo;
			productReference = 7B4FF40C1DF5912E008E1256 /* BLE_Demo.app */;
			productType = "com.apple.product-type.application";
		};
/* End PBXNativeTarget section */

/* Begin PBXProject section */
		7B4FF4041DF5912E008E1256 /* Project object */ = {
			isa = PBXProject;
			attributes = {
				LastSwiftUpdateCheck = 0810;
				LastUpgradeCheck = 0810;
				ORGANIZATIONNAME = IQVIS;
				TargetAttributes = {
					7B4FF40B1DF5912E008E1256 = {
						CreatedOnToolsVersion = 8.1;
						ProvisioningStyle = Automatic;
					};
				};
			};
			buildConfigurationList = 7B4FF4071DF5912E008E1256 /* Build configuration list for PBXProject "BLE_Demo" */;
			compatibilityVersion = "Xcode 3.2";
			developmentRegion = English;
			hasScannedForEncodings = 0;
			knownRegions = (
				en,
				Base,
			);
			mainGroup = 7B4FF4031DF5912E008E1256;
			productRefGroup = 7B4FF40D1DF5912E008E1256 /* Products */;
			projectDirPath = "";
			projectRoot = "";
			targets = (
				7B4FF40B1DF5912E008E1256 /* BLE_Demo */,
			);
		};
/* End PBXProject section */

/* Begin PBXResourcesBuildPhase section */
		7B4FF40A1DF5912E008E1256 /* Resources */ = {
			isa = PBXResourcesBuildPhase;
			buildActionMask = 2147483647;
			files = (
				7B4FF41A1DF5912E008E1256 /* LaunchScreen.storyboard in Resources */,
				7B4FF4171DF5912E008E1256 /* Assets.xcassets in Resources */,
				7B4FF4151DF5912E008E1256 /* Main.storyboard in Resources */,
				7B4FF4241DF591DB008E1256 /* DeviceTableViewCell.xib in Resources */,
				7B4FF4341DF68758008E1256 /* ServiceTableViewCell.xib in Resources */,
			);
			runOnlyForDeploymentPostprocessing = 0;
		};
/* End PBXResourcesBuildPhase section */

/* Begin PBXSourcesBuildPhase section */
		7B4FF4081DF5912E008E1256 /* Sources */ = {
			isa = PBXSourcesBuildPhase;
			buildActionMask = 2147483647;
			files = (
				7B4FF4421DF68C74008E1256 /* BLEDeviceScan.swift in Sources */,
				7BFE78231DF838A100B01A2D /* BLEDeviceProperties.swift in Sources */,
				7B4FF4401DF68C74008E1256 /* BLEDeviceDiscoverServices.swift in Sources */,
				7B4FF4121DF5912E008E1256 /* ViewController.swift in Sources */,
				7B4FF4331DF68758008E1256 /* ServiceTableViewCell.swift in Sources */,
				7B4FF4431DF68C74008E1256 /* BLEManager.swift in Sources */,
				7B4FF4411DF68C74008E1256 /* BLEDeviceRSSI.swift in Sources */,
				7B4FF4231DF591DB008E1256 /* DeviceTableViewCell.swift in Sources */,
				7B4FF4261DF595FD008E1256 /* ServiceViewController.swift in Sources */,
				7B4FF4101DF5912E008E1256 /* AppDelegate.swift in Sources */,
				7B4FF43F1DF68C74008E1256 /* BLEDeviceConnection.swift in Sources */,
				7B4FF4281DF5961A008E1256 /* CharacteristicsViewController.swift in Sources */,
			);
			runOnlyForDeploymentPostprocessing = 0;
		};
/* End PBXSourcesBuildPhase section */

/* Begin PBXVariantGroup section */
		7B4FF4131DF5912E008E1256 /* Main.storyboard */ = {
			isa = PBXVariantGroup;
			children = (
				7B4FF4141DF5912E008E1256 /* Base */,
			);
			name = Main.storyboard;
			sourceTree = "<group>";
		};
		7B4FF4181DF5912E008E1256 /* LaunchScreen.storyboard */ = {
			isa = PBXVariantGroup;
			children = (
				7B4FF4191DF5912E008E1256 /* Base */,
			);
			name = LaunchScreen.storyboard;
			sourceTree = "<group>";
		};
/* End PBXVariantGroup section */

/* Begin XCBuildConfiguration section */
		7B4FF41C1DF5912E008E1256 /* Debug */ = {
			isa = XCBuildConfiguration;
			buildSettings = {
				ALWAYS_SEARCH_USER_PATHS = NO;
				CLANG_ANALYZER_NONNULL = YES;
				CLANG_CXX_LANGUAGE_STANDARD = "gnu++0x";
				CLANG_CXX_LIBRARY = "libc++";
				CLANG_ENABLE_MODULES = YES;
				CLANG_ENABLE_OBJC_ARC = YES;
				CLANG_WARN_BOOL_CONVERSION = YES;
				CLANG_WARN_CONSTANT_CONVERSION = YES;
				CLANG_WARN_DIRECT_OBJC_ISA_USAGE = YES_ERROR;
				CLANG_WARN_DOCUMENTATION_COMMENTS = YES;
				CLANG_WARN_EMPTY_BODY = YES;
				CLANG_WARN_ENUM_CONVERSION = YES;
				CLANG_WARN_INFINITE_RECURSION = YES;
				CLANG_WARN_INT_CONVERSION = YES;
				CLANG_WARN_OBJC_ROOT_CLASS = YES_ERROR;
				CLANG_WARN_SUSPICIOUS_MOVES = YES;
				CLANG_WARN_UNREACHABLE_CODE = YES;
				CLANG_WARN__DUPLICATE_METHOD_MATCH = YES;
				"CODE_SIGN_IDENTITY[sdk=iphoneos*]" = "iPhone Developer";
				COPY_PHASE_STRIP = NO;
				DEBUG_INFORMATION_FORMAT = dwarf;
				ENABLE_STRICT_OBJC_MSGSEND = YES;
				ENABLE_TESTABILITY = YES;
				GCC_C_LANGUAGE_STANDARD = gnu99;
				GCC_DYNAMIC_NO_PIC = NO;
				GCC_NO_COMMON_BLOCKS = YES;
				GCC_OPTIMIZATION_LEVEL = 0;
				GCC_PREPROCESSOR_DEFINITIONS = (
					"DEBUG=1",
					"$(inherited)",
				);
				GCC_WARN_64_TO_32_BIT_CONVERSION = YES;
				GCC_WARN_ABOUT_RETURN_TYPE = YES_ERROR;
				GCC_WARN_UNDECLARED_SELECTOR = YES;
				GCC_WARN_UNINITIALIZED_AUTOS = YES_AGGRESSIVE;
				GCC_WARN_UNUSED_FUNCTION = YES;
				GCC_WARN_UNUSED_VARIABLE = YES;
				IPHONEOS_DEPLOYMENT_TARGET = 10.1;
				MTL_ENABLE_DEBUG_INFO = YES;
				ONLY_ACTIVE_ARCH = YES;
				SDKROOT = iphoneos;
				SWIFT_ACTIVE_COMPILATION_CONDITIONS = DEBUG;
				SWIFT_OPTIMIZATION_LEVEL = "-Onone";
			};
			name = Debug;
		};
		7B4FF41D1DF5912E008E1256 /* Release */ = {
			isa = XCBuildConfiguration;
			buildSettings = {
				ALWAYS_SEARCH_USER_PATHS = NO;
				CLANG_ANALYZER_NONNULL = YES;
				CLANG_CXX_LANGUAGE_STANDARD = "gnu++0x";
				CLANG_CXX_LIBRARY = "libc++";
				CLANG_ENABLE_MODULES = YES;
				CLANG_ENABLE_OBJC_ARC = YES;
				CLANG_WARN_BOOL_CONVERSION = YES;
				CLANG_WARN_CONSTANT_CONVERSION = YES;
				CLANG_WARN_DIRECT_OBJC_ISA_USAGE = YES_ERROR;
				CLANG_WARN_DOCUMENTATION_COMMENTS = YES;
				CLANG_WARN_EMPTY_BODY = YES;
				CLANG_WARN_ENUM_CONVERSION = YES;
				CLANG_WARN_INFINITE_RECURSION = YES;
				CLANG_WARN_INT_CONVERSION = YES;
				CLANG_WARN_OBJC_ROOT_CLASS = YES_ERROR;
				CLANG_WARN_SUSPICIOUS_MOVES = YES;
				CLANG_WARN_UNREACHABLE_CODE = YES;
				CLANG_WARN__DUPLICATE_METHOD_MATCH = YES;
				"CODE_SIGN_IDENTITY[sdk=iphoneos*]" = "iPhone Developer";
				COPY_PHASE_STRIP = NO;
				DEBUG_INFORMATION_FORMAT = "dwarf-with-dsym";
				ENABLE_NS_ASSERTIONS = NO;
				ENABLE_STRICT_OBJC_MSGSEND = YES;
				GCC_C_LANGUAGE_STANDARD = gnu99;
				GCC_NO_COMMON_BLOCKS = YES;
				GCC_WARN_64_TO_32_BIT_CONVERSION = YES;
				GCC_WARN_ABOUT_RETURN_TYPE = YES_ERROR;
				GCC_WARN_UNDECLARED_SELECTOR = YES;
				GCC_WARN_UNINITIALIZED_AUTOS = YES_AGGRESSIVE;
				GCC_WARN_UNUSED_FUNCTION = YES;
				GCC_WARN_UNUSED_VARIABLE = YES;
				IPHONEOS_DEPLOYMENT_TARGET = 10.1;
				MTL_ENABLE_DEBUG_INFO = NO;
				SDKROOT = iphoneos;
				SWIFT_OPTIMIZATION_LEVEL = "-Owholemodule";
				VALIDATE_PRODUCT = YES;
			};
			name = Release;
		};
		7B4FF41F1DF5912E008E1256 /* Debug */ = {
			isa = XCBuildConfiguration;
			baseConfigurationReference = 392C4FD7FD81FBC9C2EF58CA /* Pods-BLE_Demo.debug.xcconfig */;
			buildSettings = {
				ASSETCATALOG_COMPILER_APPICON_NAME = AppIcon;
				DEVELOPMENT_TEAM = "";
				INFOPLIST_FILE = BLE_Demo/Info.plist;
				IPHONEOS_DEPLOYMENT_TARGET = 9.0;
				LD_RUNPATH_SEARCH_PATHS = "$(inherited) @executable_path/Frameworks";
				PRODUCT_BUNDLE_IDENTIFIER = "com.BLE-Demo";
				PRODUCT_NAME = "$(TARGET_NAME)";
				SWIFT_VERSION = 3.0;
			};
			name = Debug;
		};
		7B4FF4201DF5912E008E1256 /* Release */ = {
			isa = XCBuildConfiguration;
			baseConfigurationReference = 4B736AE621D2B3E8B0AC47F8 /* Pods-BLE_Demo.release.xcconfig */;
			buildSettings = {
				ASSETCATALOG_COMPILER_APPICON_NAME = AppIcon;
				DEVELOPMENT_TEAM = "";
				INFOPLIST_FILE = BLE_Demo/Info.plist;
				IPHONEOS_DEPLOYMENT_TARGET = 9.0;
				LD_RUNPATH_SEARCH_PATHS = "$(inherited) @executable_path/Frameworks";
				PRODUCT_BUNDLE_IDENTIFIER = "com.BLE-Demo";
				PRODUCT_NAME = "$(TARGET_NAME)";
				SWIFT_VERSION = 3.0;
			};
			name = Release;
		};
/* End XCBuildConfiguration section */

/* Begin XCConfigurationList section */
		7B4FF4071DF5912E008E1256 /* Build configuration list for PBXProject "BLE_Demo" */ = {
			isa = XCConfigurationList;
			buildConfigurations = (
				7B4FF41C1DF5912E008E1256 /* Debug */,
				7B4FF41D1DF5912E008E1256 /* Release */,
			);
			defaultConfigurationIsVisible = 0;
			defaultConfigurationName = Release;
		};
		7B4FF41E1DF5912E008E1256 /* Build configuration list for PBXNativeTarget "BLE_Demo" */ = {
			isa = XCConfigurationList;
			buildConfigurations = (
				7B4FF41F1DF5912E008E1256 /* Debug */,
				7B4FF4201DF5912E008E1256 /* Release */,
			);
			defaultConfigurationIsVisible = 0;
			defaultConfigurationName = Release;
		};
/* End XCConfigurationList section */
	};
	rootObject = 7B4FF4041DF5912E008E1256 /* Project object */;
}
